<?xml version="1.0" encoding="utf-8"?>
<Project ToolsVersion="4.0" xmlns="http://schemas.microsoft.com/developer/msbuild/2003">
  <ItemGroup>
    <ClInclude Include="JumpKingCore.h" />
    <ClInclude Include="CPlayLevel.h">
      <Filter>PlayLevel</Filter>
    </ClInclude>
    <ClInclude Include="EnumHeader.h" />
    <ClInclude Include="CTitleLevel.h">
      <Filter>TitleLevel</Filter>
    </ClInclude>
    <ClInclude Include="CTitleLogo.h">
      <Filter>TitleLevel</Filter>
    </ClInclude>
    <ClInclude Include="CBackGround.h">
      <Filter>PlayLevel\BackGround</Filter>
    </ClInclude>
    <ClInclude Include="CForeGround.h">
      <Filter>PlayLevel\BackGround</Filter>
    </ClInclude>
    <ClInclude Include="CMidGround.h">
      <Filter>PlayLevel\BackGround</Filter>
    </ClInclude>
    <ClInclude Include="CFlag.h">
      <Filter>PlayLevel\Props</Filter>
    </ClInclude>
    <ClInclude Include="CSnow.h">
      <Filter>PlayLevel\Particle</Filter>
    </ClInclude>
    <ClInclude Include="CCandle.h">
      <Filter>PlayLevel\Props</Filter>
    </ClInclude>
    <ClInclude Include="CPlayer.h">
      <Filter>PlayLevel\Object</Filter>
    </ClInclude>
    <ClInclude Include="CBabe.h">
      <Filter>PlayLevel\Object</Filter>
    </ClInclude>
    <ClInclude Include="CJump.h">
      <Filter>PlayLevel\Particle</Filter>
    </ClInclude>
    <ClInclude Include="CAngel.h">
      <Filter>PlayLevel\Object</Filter>
    </ClInclude>
    <ClInclude Include="CColMap.h">
      <Filter>PlayLevel\BackGround</Filter>
    </ClInclude>
  </ItemGroup>
  <ItemGroup>
    <ClCompile Include="JumpKingCore.cpp" />
    <ClCompile Include="CPlayLevel.cpp">
      <Filter>PlayLevel</Filter>
    </ClCompile>
    <ClCompile Include="CTitleLevel.cpp">
      <Filter>TitleLevel</Filter>
    </ClCompile>
    <ClCompile Include="CPlayState.cpp">
      <Filter>PlayLevel</Filter>
    </ClCompile>
    <ClCompile Include="CTitleLogo.cpp">
      <Filter>TitleLevel</Filter>
    </ClCompile>
    <ClCompile Include="CBackGround.cpp">
      <Filter>PlayLevel\BackGround</Filter>
    </ClCompile>
    <ClCompile Include="CForeGround.cpp">
      <Filter>PlayLevel\BackGround</Filter>
    </ClCompile>
    <ClCompile Include="CMidGround.cpp">
      <Filter>PlayLevel\BackGround</Filter>
    </ClCompile>
    <ClCompile Include="CFlag.cpp">
      <Filter>PlayLevel\Props</Filter>
    </ClCompile>
    <ClCompile Include="CSnow.cpp">
      <Filter>PlayLevel\Particle</Filter>
    </ClCompile>
    <ClCompile Include="CCandle.cpp">
      <Filter>PlayLevel\Props</Filter>
    </ClCompile>
    <ClCompile Include="CPlayer.cpp">
      <Filter>PlayLevel\Object</Filter>
    </ClCompile>
    <ClCompile Include="CBabe.cpp">
      <Filter>PlayLevel\Object</Filter>
    </ClCompile>
    <ClCompile Include="CJump.cpp">
      <Filter>PlayLevel\Particle</Filter>
    </ClCompile>
    <ClCompile Include="CAngel.cpp">
      <Filter>PlayLevel\Object</Filter>
    </ClCompile>
    <ClCompile Include="CColMap.cpp">
      <Filter>PlayLevel\BackGround</Filter>
    </ClCompile>
  </ItemGroup>
  <ItemGroup>
    <Filter Include="PlayLevel">
      <UniqueIdentifier>{40cbfde8-9e35-41bd-83b8-5940034bf910}</UniqueIdentifier>
    </Filter>
    <Filter Include="TitleLevel">
      <UniqueIdentifier>{15735971-2b6c-4acc-86a2-3bfc174a338f}</UniqueIdentifier>
    </Filter>
    <Filter Include="PlayLevel\BackGround">
      <UniqueIdentifier>{4d92d3c5-1624-42ca-a77e-c8302808ec5d}</UniqueIdentifier>
    </Filter>
    <Filter Include="PlayLevel\Props">
      <UniqueIdentifier>{0e08255c-92e6-4010-8f17-fc12e88686f2}</UniqueIdentifier>
    </Filter>
    <Filter Include="PlayLevel\Particle">
      <UniqueIdentifier>{f502f0ec-97c7-4fde-9232-0d6396e5c7e1}</UniqueIdentifier>
    </Filter>
    <Filter Include="PlayLevel\Object">
      <UniqueIdentifier>{2cf83272-1163-4ae1-a809-5a42026e262f}</UniqueIdentifier>
    </Filter>
  </ItemGroup>
</Project>