<?xml version="1.0" encoding="utf-8"?>
<Project ToolsVersion="4.0" xmlns="http://schemas.microsoft.com/developer/msbuild/2003">
  <ItemGroup>
    <ClInclude Include="JumpKingCore.h" />
    <ClInclude Include="CPlayLevel.h">
      <Filter>PlayLevel</Filter>
    </ClInclude>
    <ClInclude Include="EnumHeader.h" />
    <ClInclude Include="CTitleLevel.h">
      <Filter>TitleLevel</Filter>
    </ClInclude>
    <ClInclude Include="CPlayer.h">
      <Filter>PlayLevel</Filter>
    </ClInclude>
    <ClInclude Include="CMidGround.h">
      <Filter>PlayLevel</Filter>
    </ClInclude>
    <ClInclude Include="CTitleLogo.h">
      <Filter>TitleLevel</Filter>
    </ClInclude>
    <ClInclude Include="CBackGround.h">
      <Filter>PlayLevel</Filter>
    </ClInclude>
    <ClInclude Include="CForeGround.h">
      <Filter>PlayLevel</Filter>
    </ClInclude>
    <ClInclude Include="CProps.h">
      <Filter>PlayLevel</Filter>
    </ClInclude>
  </ItemGroup>
  <ItemGroup>
    <ClCompile Include="JumpKingCore.cpp" />
    <ClCompile Include="CPlayLevel.cpp">
      <Filter>PlayLevel</Filter>
    </ClCompile>
    <ClCompile Include="CTitleLevel.cpp">
      <Filter>TitleLevel</Filter>
    </ClCompile>
    <ClCompile Include="CPlayer.cpp">
      <Filter>PlayLevel</Filter>
    </ClCompile>
    <ClCompile Include="CPlayState.cpp">
      <Filter>PlayLevel</Filter>
    </ClCompile>
    <ClCompile Include="CMidGround.cpp">
      <Filter>PlayLevel</Filter>
    </ClCompile>
    <ClCompile Include="CTitleLogo.cpp">
      <Filter>TitleLevel</Filter>
    </ClCompile>
    <ClCompile Include="CBackGround.cpp">
      <Filter>PlayLevel</Filter>
    </ClCompile>
    <ClCompile Include="CForeGround.cpp">
      <Filter>PlayLevel</Filter>
    </ClCompile>
    <ClCompile Include="CProps.cpp">
      <Filter>PlayLevel</Filter>
    </ClCompile>
  </ItemGroup>
  <ItemGroup>
    <Filter Include="PlayLevel">
      <UniqueIdentifier>{40cbfde8-9e35-41bd-83b8-5940034bf910}</UniqueIdentifier>
    </Filter>
    <Filter Include="TitleLevel">
      <UniqueIdentifier>{15735971-2b6c-4acc-86a2-3bfc174a338f}</UniqueIdentifier>
    </Filter>
  </ItemGroup>
</Project>